// !$*UTF8*$!
{
	archiveVersion = 1;
	classes = {
	};
	objectVersion = 46;
	objects = {

/* Begin PBXAggregateTarget section */
		"XCoordinator::XCoordinatorPackageTests::ProductTarget" /* XCoordinatorPackageTests */ = {
			isa = PBXAggregateTarget;
			buildConfigurationList = OBJ_469 /* Build configuration list for PBXAggregateTarget "XCoordinatorPackageTests" */;
			buildPhases = (
			);
			dependencies = (
				OBJ_472 /* PBXTargetDependency */,
			);
			name = XCoordinatorPackageTests;
			productName = XCoordinatorPackageTests;
		};
/* End PBXAggregateTarget section */

/* Begin PBXBuildFile section */
		F9B960022465490100CE881E /* RxSwift.framework in Frameworks */ = {isa = PBXBuildFile; fileRef = F9B960012465490100CE881E /* RxSwift.framework */; };
		OBJ_407 /* Animation.swift in Sources */ = {isa = PBXBuildFile; fileRef = OBJ_9 /* Animation.swift */; };
		OBJ_408 /* AnyCoordinator.swift in Sources */ = {isa = PBXBuildFile; fileRef = OBJ_10 /* AnyCoordinator.swift */; };
		OBJ_409 /* AnyTransitionPerformer.swift in Sources */ = {isa = PBXBuildFile; fileRef = OBJ_11 /* AnyTransitionPerformer.swift */; };
		OBJ_410 /* BaseCoordinator.swift in Sources */ = {isa = PBXBuildFile; fileRef = OBJ_12 /* BaseCoordinator.swift */; };
		OBJ_411 /* BasicCoordinator.swift in Sources */ = {isa = PBXBuildFile; fileRef = OBJ_13 /* BasicCoordinator.swift */; };
		OBJ_412 /* Container.swift in Sources */ = {isa = PBXBuildFile; fileRef = OBJ_14 /* Container.swift */; };
		OBJ_413 /* Coordinator.swift in Sources */ = {isa = PBXBuildFile; fileRef = OBJ_15 /* Coordinator.swift */; };
		OBJ_414 /* CoordinatorPreviewingDelegateObject.swift in Sources */ = {isa = PBXBuildFile; fileRef = OBJ_16 /* CoordinatorPreviewingDelegateObject.swift */; };
		OBJ_415 /* DeepLinking.swift in Sources */ = {isa = PBXBuildFile; fileRef = OBJ_17 /* DeepLinking.swift */; };
		OBJ_416 /* GestureRecognizerTarget.swift in Sources */ = {isa = PBXBuildFile; fileRef = OBJ_18 /* GestureRecognizerTarget.swift */; };
		OBJ_417 /* InteractiveTransitionAnimation.swift in Sources */ = {isa = PBXBuildFile; fileRef = OBJ_19 /* InteractiveTransitionAnimation.swift */; };
		OBJ_418 /* InterruptibleTransitionAnimation.swift in Sources */ = {isa = PBXBuildFile; fileRef = OBJ_20 /* InterruptibleTransitionAnimation.swift */; };
		OBJ_419 /* NavigationAnimationDelegate.swift in Sources */ = {isa = PBXBuildFile; fileRef = OBJ_21 /* NavigationAnimationDelegate.swift */; };
		OBJ_420 /* NavigationCoordinator.swift in Sources */ = {isa = PBXBuildFile; fileRef = OBJ_22 /* NavigationCoordinator.swift */; };
		OBJ_421 /* NavigationTransition.swift in Sources */ = {isa = PBXBuildFile; fileRef = OBJ_23 /* NavigationTransition.swift */; };
		OBJ_422 /* PageCoordinator.swift in Sources */ = {isa = PBXBuildFile; fileRef = OBJ_24 /* PageCoordinator.swift */; };
		OBJ_423 /* PageCoordinatorDataSource.swift in Sources */ = {isa = PBXBuildFile; fileRef = OBJ_25 /* PageCoordinatorDataSource.swift */; };
		OBJ_424 /* PageTransition.swift in Sources */ = {isa = PBXBuildFile; fileRef = OBJ_26 /* PageTransition.swift */; };
		OBJ_425 /* Presentable.swift in Sources */ = {isa = PBXBuildFile; fileRef = OBJ_27 /* Presentable.swift */; };
		OBJ_426 /* RedirectionRouter.swift in Sources */ = {isa = PBXBuildFile; fileRef = OBJ_28 /* RedirectionRouter.swift */; };
		OBJ_427 /* Route.swift in Sources */ = {isa = PBXBuildFile; fileRef = OBJ_29 /* Route.swift */; };
		OBJ_428 /* Router.swift in Sources */ = {isa = PBXBuildFile; fileRef = OBJ_30 /* Router.swift */; };
		OBJ_429 /* SplitCoordinator.swift in Sources */ = {isa = PBXBuildFile; fileRef = OBJ_31 /* SplitCoordinator.swift */; };
		OBJ_430 /* SplitTransition.swift in Sources */ = {isa = PBXBuildFile; fileRef = OBJ_32 /* SplitTransition.swift */; };
		OBJ_431 /* StaticTransitionAnimation.swift in Sources */ = {isa = PBXBuildFile; fileRef = OBJ_33 /* StaticTransitionAnimation.swift */; };
		OBJ_432 /* StrongRouter.swift in Sources */ = {isa = PBXBuildFile; fileRef = OBJ_34 /* StrongRouter.swift */; };
		OBJ_433 /* TabBarAnimationDelegate.swift in Sources */ = {isa = PBXBuildFile; fileRef = OBJ_35 /* TabBarAnimationDelegate.swift */; };
		OBJ_434 /* TabBarCoordinator.swift in Sources */ = {isa = PBXBuildFile; fileRef = OBJ_36 /* TabBarCoordinator.swift */; };
		OBJ_435 /* TabBarTransition.swift in Sources */ = {isa = PBXBuildFile; fileRef = OBJ_37 /* TabBarTransition.swift */; };
		OBJ_436 /* Transition+Init.swift in Sources */ = {isa = PBXBuildFile; fileRef = OBJ_38 /* Transition+Init.swift */; };
		OBJ_437 /* Transition.swift in Sources */ = {isa = PBXBuildFile; fileRef = OBJ_39 /* Transition.swift */; };
		OBJ_438 /* TransitionAnimation.swift in Sources */ = {isa = PBXBuildFile; fileRef = OBJ_40 /* TransitionAnimation.swift */; };
		OBJ_439 /* TransitionOptions.swift in Sources */ = {isa = PBXBuildFile; fileRef = OBJ_41 /* TransitionOptions.swift */; };
		OBJ_440 /* TransitionPerformer.swift in Sources */ = {isa = PBXBuildFile; fileRef = OBJ_42 /* TransitionPerformer.swift */; };
		OBJ_441 /* TransitionProtocol.swift in Sources */ = {isa = PBXBuildFile; fileRef = OBJ_43 /* TransitionProtocol.swift */; };
		OBJ_442 /* UINavigationController+Transition.swift in Sources */ = {isa = PBXBuildFile; fileRef = OBJ_44 /* UINavigationController+Transition.swift */; };
		OBJ_443 /* UIPageViewController+Transition.swift in Sources */ = {isa = PBXBuildFile; fileRef = OBJ_45 /* UIPageViewController+Transition.swift */; };
		OBJ_444 /* UITabBarController+Transition.swift in Sources */ = {isa = PBXBuildFile; fileRef = OBJ_46 /* UITabBarController+Transition.swift */; };
		OBJ_445 /* UIView+Store.swift in Sources */ = {isa = PBXBuildFile; fileRef = OBJ_47 /* UIView+Store.swift */; };
		OBJ_446 /* UIViewController+Transition.swift in Sources */ = {isa = PBXBuildFile; fileRef = OBJ_48 /* UIViewController+Transition.swift */; };
		OBJ_447 /* UnownedErased+Router.swift in Sources */ = {isa = PBXBuildFile; fileRef = OBJ_49 /* UnownedErased+Router.swift */; };
		OBJ_448 /* UnownedErased.swift in Sources */ = {isa = PBXBuildFile; fileRef = OBJ_50 /* UnownedErased.swift */; };
		OBJ_449 /* ViewCoordinator.swift in Sources */ = {isa = PBXBuildFile; fileRef = OBJ_51 /* ViewCoordinator.swift */; };
		OBJ_450 /* WeakErased+Router.swift in Sources */ = {isa = PBXBuildFile; fileRef = OBJ_52 /* WeakErased+Router.swift */; };
		OBJ_451 /* WeakErased.swift in Sources */ = {isa = PBXBuildFile; fileRef = OBJ_53 /* WeakErased.swift */; };
		OBJ_458 /* Router+Combine.swift in Sources */ = {isa = PBXBuildFile; fileRef = OBJ_55 /* Router+Combine.swift */; };
		OBJ_460 /* XCoordinator.framework in Frameworks */ = {isa = PBXBuildFile; fileRef = "XCoordinator::XCoordinator::Product" /* XCoordinator.framework */; };
		OBJ_467 /* Package.swift in Sources */ = {isa = PBXBuildFile; fileRef = OBJ_6 /* Package.swift */; };
		OBJ_479 /* Router+Rx.swift in Sources */ = {isa = PBXBuildFile; fileRef = OBJ_57 /* Router+Rx.swift */; };
		OBJ_482 /* XCoordinator.framework in Frameworks */ = {isa = PBXBuildFile; fileRef = "XCoordinator::XCoordinator::Product" /* XCoordinator.framework */; };
		OBJ_489 /* AnimationTests.swift in Sources */ = {isa = PBXBuildFile; fileRef = OBJ_61 /* AnimationTests.swift */; };
		OBJ_490 /* TestAnimation.swift in Sources */ = {isa = PBXBuildFile; fileRef = OBJ_62 /* TestAnimation.swift */; };
		OBJ_491 /* TestRoute.swift in Sources */ = {isa = PBXBuildFile; fileRef = OBJ_63 /* TestRoute.swift */; };
		OBJ_492 /* TransitionTests.swift in Sources */ = {isa = PBXBuildFile; fileRef = OBJ_64 /* TransitionTests.swift */; };
		OBJ_493 /* XCTestManifests.swift in Sources */ = {isa = PBXBuildFile; fileRef = OBJ_65 /* XCTestManifests.swift */; };
		OBJ_494 /* XCText+Extras.swift in Sources */ = {isa = PBXBuildFile; fileRef = OBJ_66 /* XCText+Extras.swift */; };
		OBJ_496 /* XCoordinatorRx.framework in Frameworks */ = {isa = PBXBuildFile; fileRef = "XCoordinator::XCoordinatorRx::Product" /* XCoordinatorRx.framework */; };
		OBJ_498 /* XCoordinator.framework in Frameworks */ = {isa = PBXBuildFile; fileRef = "XCoordinator::XCoordinator::Product" /* XCoordinator.framework */; };
/* End PBXBuildFile section */

/* Begin PBXContainerItemProxy section */
		9BC82EB8233D8CD000C604A8 /* PBXContainerItemProxy */ = {
			isa = PBXContainerItemProxy;
			containerPortal = OBJ_1 /* Project object */;
			proxyType = 1;
			remoteGlobalIDString = "XCoordinator::XCoordinator";
			remoteInfo = XCoordinator;
		};
		9BC82EB9233D8CD000C604A8 /* PBXContainerItemProxy */ = {
			isa = PBXContainerItemProxy;
			containerPortal = OBJ_1 /* Project object */;
			proxyType = 1;
			remoteGlobalIDString = "XCoordinator::XCoordinator";
			remoteInfo = XCoordinator;
		};
		9BC82EBA233D8CD100C604A8 /* PBXContainerItemProxy */ = {
			isa = PBXContainerItemProxy;
			containerPortal = OBJ_1 /* Project object */;
			proxyType = 1;
			remoteGlobalIDString = "XCoordinator::XCoordinatorRx";
			remoteInfo = XCoordinatorRx;
		};
		9BC82EBC233D8CD100C604A8 /* PBXContainerItemProxy */ = {
			isa = PBXContainerItemProxy;
			containerPortal = OBJ_1 /* Project object */;
			proxyType = 1;
			remoteGlobalIDString = "XCoordinator::XCoordinator";
			remoteInfo = XCoordinator;
		};
		9BC82EBD233D8CD100C604A8 /* PBXContainerItemProxy */ = {
			isa = PBXContainerItemProxy;
			containerPortal = OBJ_1 /* Project object */;
			proxyType = 1;
			remoteGlobalIDString = "XCoordinator::XCoordinatorTests";
			remoteInfo = XCoordinatorTests;
		};
/* End PBXContainerItemProxy section */

/* Begin PBXFileReference section */
		F9B960012465490100CE881E /* RxSwift.framework */ = {isa = PBXFileReference; lastKnownFileType = wrapper.framework; name = RxSwift.framework; path = Carthage/Build/iOS/RxSwift.framework; sourceTree = "<group>"; };
		OBJ_10 /* AnyCoordinator.swift */ = {isa = PBXFileReference; lastKnownFileType = sourcecode.swift; path = AnyCoordinator.swift; sourceTree = "<group>"; };
		OBJ_11 /* AnyTransitionPerformer.swift */ = {isa = PBXFileReference; lastKnownFileType = sourcecode.swift; path = AnyTransitionPerformer.swift; sourceTree = "<group>"; };
		OBJ_12 /* BaseCoordinator.swift */ = {isa = PBXFileReference; lastKnownFileType = sourcecode.swift; path = BaseCoordinator.swift; sourceTree = "<group>"; };
		OBJ_13 /* BasicCoordinator.swift */ = {isa = PBXFileReference; lastKnownFileType = sourcecode.swift; path = BasicCoordinator.swift; sourceTree = "<group>"; };
		OBJ_14 /* Container.swift */ = {isa = PBXFileReference; lastKnownFileType = sourcecode.swift; path = Container.swift; sourceTree = "<group>"; };
		OBJ_15 /* Coordinator.swift */ = {isa = PBXFileReference; lastKnownFileType = sourcecode.swift; path = Coordinator.swift; sourceTree = "<group>"; };
		OBJ_16 /* CoordinatorPreviewingDelegateObject.swift */ = {isa = PBXFileReference; lastKnownFileType = sourcecode.swift; path = CoordinatorPreviewingDelegateObject.swift; sourceTree = "<group>"; };
		OBJ_17 /* DeepLinking.swift */ = {isa = PBXFileReference; lastKnownFileType = sourcecode.swift; path = DeepLinking.swift; sourceTree = "<group>"; };
		OBJ_18 /* GestureRecognizerTarget.swift */ = {isa = PBXFileReference; lastKnownFileType = sourcecode.swift; path = GestureRecognizerTarget.swift; sourceTree = "<group>"; };
		OBJ_19 /* InteractiveTransitionAnimation.swift */ = {isa = PBXFileReference; lastKnownFileType = sourcecode.swift; path = InteractiveTransitionAnimation.swift; sourceTree = "<group>"; };
		OBJ_20 /* InterruptibleTransitionAnimation.swift */ = {isa = PBXFileReference; lastKnownFileType = sourcecode.swift; path = InterruptibleTransitionAnimation.swift; sourceTree = "<group>"; };
		OBJ_21 /* NavigationAnimationDelegate.swift */ = {isa = PBXFileReference; lastKnownFileType = sourcecode.swift; path = NavigationAnimationDelegate.swift; sourceTree = "<group>"; };
		OBJ_22 /* NavigationCoordinator.swift */ = {isa = PBXFileReference; lastKnownFileType = sourcecode.swift; path = NavigationCoordinator.swift; sourceTree = "<group>"; };
		OBJ_23 /* NavigationTransition.swift */ = {isa = PBXFileReference; lastKnownFileType = sourcecode.swift; path = NavigationTransition.swift; sourceTree = "<group>"; };
		OBJ_233 /* Images */ = {isa = PBXFileReference; lastKnownFileType = folder; path = Images; sourceTree = SOURCE_ROOT; };
		OBJ_234 /* docs */ = {isa = PBXFileReference; lastKnownFileType = folder; path = docs; sourceTree = SOURCE_ROOT; };
		OBJ_235 /* scripts */ = {isa = PBXFileReference; lastKnownFileType = folder; path = scripts; sourceTree = SOURCE_ROOT; };
		OBJ_236 /* XCoordinator.podspec */ = {isa = PBXFileReference; lastKnownFileType = text; path = XCoordinator.podspec; sourceTree = "<group>"; };
		OBJ_237 /* LICENSE */ = {isa = PBXFileReference; lastKnownFileType = text; path = LICENSE; sourceTree = "<group>"; };
		OBJ_238 /* README.md */ = {isa = PBXFileReference; lastKnownFileType = net.daringfireball.markdown; path = README.md; sourceTree = "<group>"; };
		OBJ_24 /* PageCoordinator.swift */ = {isa = PBXFileReference; lastKnownFileType = sourcecode.swift; path = PageCoordinator.swift; sourceTree = "<group>"; };
		OBJ_25 /* PageCoordinatorDataSource.swift */ = {isa = PBXFileReference; lastKnownFileType = sourcecode.swift; path = PageCoordinatorDataSource.swift; sourceTree = "<group>"; };
		OBJ_26 /* PageTransition.swift */ = {isa = PBXFileReference; lastKnownFileType = sourcecode.swift; path = PageTransition.swift; sourceTree = "<group>"; };
		OBJ_27 /* Presentable.swift */ = {isa = PBXFileReference; lastKnownFileType = sourcecode.swift; path = Presentable.swift; sourceTree = "<group>"; };
		OBJ_28 /* RedirectionRouter.swift */ = {isa = PBXFileReference; lastKnownFileType = sourcecode.swift; path = RedirectionRouter.swift; sourceTree = "<group>"; };
		OBJ_29 /* Route.swift */ = {isa = PBXFileReference; lastKnownFileType = sourcecode.swift; path = Route.swift; sourceTree = "<group>"; };
		OBJ_30 /* Router.swift */ = {isa = PBXFileReference; lastKnownFileType = sourcecode.swift; path = Router.swift; sourceTree = "<group>"; };
		OBJ_31 /* SplitCoordinator.swift */ = {isa = PBXFileReference; lastKnownFileType = sourcecode.swift; path = SplitCoordinator.swift; sourceTree = "<group>"; };
		OBJ_32 /* SplitTransition.swift */ = {isa = PBXFileReference; lastKnownFileType = sourcecode.swift; path = SplitTransition.swift; sourceTree = "<group>"; };
		OBJ_33 /* StaticTransitionAnimation.swift */ = {isa = PBXFileReference; lastKnownFileType = sourcecode.swift; path = StaticTransitionAnimation.swift; sourceTree = "<group>"; };
		OBJ_34 /* StrongRouter.swift */ = {isa = PBXFileReference; lastKnownFileType = sourcecode.swift; path = StrongRouter.swift; sourceTree = "<group>"; };
		OBJ_35 /* TabBarAnimationDelegate.swift */ = {isa = PBXFileReference; lastKnownFileType = sourcecode.swift; path = TabBarAnimationDelegate.swift; sourceTree = "<group>"; };
		OBJ_36 /* TabBarCoordinator.swift */ = {isa = PBXFileReference; lastKnownFileType = sourcecode.swift; path = TabBarCoordinator.swift; sourceTree = "<group>"; };
		OBJ_37 /* TabBarTransition.swift */ = {isa = PBXFileReference; lastKnownFileType = sourcecode.swift; path = TabBarTransition.swift; sourceTree = "<group>"; };
		OBJ_38 /* Transition+Init.swift */ = {isa = PBXFileReference; lastKnownFileType = sourcecode.swift; path = "Transition+Init.swift"; sourceTree = "<group>"; };
		OBJ_39 /* Transition.swift */ = {isa = PBXFileReference; lastKnownFileType = sourcecode.swift; path = Transition.swift; sourceTree = "<group>"; };
		OBJ_40 /* TransitionAnimation.swift */ = {isa = PBXFileReference; lastKnownFileType = sourcecode.swift; path = TransitionAnimation.swift; sourceTree = "<group>"; };
		OBJ_41 /* TransitionOptions.swift */ = {isa = PBXFileReference; lastKnownFileType = sourcecode.swift; path = TransitionOptions.swift; sourceTree = "<group>"; };
		OBJ_42 /* TransitionPerformer.swift */ = {isa = PBXFileReference; lastKnownFileType = sourcecode.swift; path = TransitionPerformer.swift; sourceTree = "<group>"; };
		OBJ_43 /* TransitionProtocol.swift */ = {isa = PBXFileReference; lastKnownFileType = sourcecode.swift; path = TransitionProtocol.swift; sourceTree = "<group>"; };
		OBJ_44 /* UINavigationController+Transition.swift */ = {isa = PBXFileReference; lastKnownFileType = sourcecode.swift; path = "UINavigationController+Transition.swift"; sourceTree = "<group>"; };
		OBJ_45 /* UIPageViewController+Transition.swift */ = {isa = PBXFileReference; lastKnownFileType = sourcecode.swift; path = "UIPageViewController+Transition.swift"; sourceTree = "<group>"; };
		OBJ_46 /* UITabBarController+Transition.swift */ = {isa = PBXFileReference; lastKnownFileType = sourcecode.swift; path = "UITabBarController+Transition.swift"; sourceTree = "<group>"; };
		OBJ_47 /* UIView+Store.swift */ = {isa = PBXFileReference; lastKnownFileType = sourcecode.swift; path = "UIView+Store.swift"; sourceTree = "<group>"; };
		OBJ_48 /* UIViewController+Transition.swift */ = {isa = PBXFileReference; lastKnownFileType = sourcecode.swift; path = "UIViewController+Transition.swift"; sourceTree = "<group>"; };
		OBJ_49 /* UnownedErased+Router.swift */ = {isa = PBXFileReference; lastKnownFileType = sourcecode.swift; path = "UnownedErased+Router.swift"; sourceTree = "<group>"; };
		OBJ_50 /* UnownedErased.swift */ = {isa = PBXFileReference; lastKnownFileType = sourcecode.swift; path = UnownedErased.swift; sourceTree = "<group>"; };
		OBJ_51 /* ViewCoordinator.swift */ = {isa = PBXFileReference; lastKnownFileType = sourcecode.swift; path = ViewCoordinator.swift; sourceTree = "<group>"; };
		OBJ_52 /* WeakErased+Router.swift */ = {isa = PBXFileReference; lastKnownFileType = sourcecode.swift; path = "WeakErased+Router.swift"; sourceTree = "<group>"; };
		OBJ_53 /* WeakErased.swift */ = {isa = PBXFileReference; lastKnownFileType = sourcecode.swift; path = WeakErased.swift; sourceTree = "<group>"; };
		OBJ_55 /* Router+Combine.swift */ = {isa = PBXFileReference; lastKnownFileType = sourcecode.swift; path = "Router+Combine.swift"; sourceTree = "<group>"; };
		OBJ_57 /* Router+Rx.swift */ = {isa = PBXFileReference; lastKnownFileType = sourcecode.swift; path = "Router+Rx.swift"; sourceTree = "<group>"; };
		OBJ_6 /* Package.swift */ = {isa = PBXFileReference; explicitFileType = sourcecode.swift; path = Package.swift; sourceTree = "<group>"; };
		OBJ_60 /* XCoordinatorTests.xctestplan */ = {isa = PBXFileReference; lastKnownFileType = text; path = XCoordinatorTests.xctestplan; sourceTree = "<group>"; };
		OBJ_61 /* AnimationTests.swift */ = {isa = PBXFileReference; lastKnownFileType = sourcecode.swift; path = AnimationTests.swift; sourceTree = "<group>"; };
		OBJ_62 /* TestAnimation.swift */ = {isa = PBXFileReference; lastKnownFileType = sourcecode.swift; path = TestAnimation.swift; sourceTree = "<group>"; };
		OBJ_63 /* TestRoute.swift */ = {isa = PBXFileReference; lastKnownFileType = sourcecode.swift; path = TestRoute.swift; sourceTree = "<group>"; };
		OBJ_64 /* TransitionTests.swift */ = {isa = PBXFileReference; lastKnownFileType = sourcecode.swift; path = TransitionTests.swift; sourceTree = "<group>"; };
		OBJ_65 /* XCTestManifests.swift */ = {isa = PBXFileReference; lastKnownFileType = sourcecode.swift; path = XCTestManifests.swift; sourceTree = "<group>"; };
		OBJ_66 /* XCText+Extras.swift */ = {isa = PBXFileReference; lastKnownFileType = sourcecode.swift; path = "XCText+Extras.swift"; sourceTree = "<group>"; };
		OBJ_9 /* Animation.swift */ = {isa = PBXFileReference; lastKnownFileType = sourcecode.swift; path = Animation.swift; sourceTree = "<group>"; };
		"XCoordinator::XCoordinator::Product" /* XCoordinator.framework */ = {isa = PBXFileReference; lastKnownFileType = wrapper.framework; path = XCoordinator.framework; sourceTree = BUILT_PRODUCTS_DIR; };
		"XCoordinator::XCoordinatorCombine::Product" /* XCoordinatorCombine.framework */ = {isa = PBXFileReference; lastKnownFileType = wrapper.framework; path = XCoordinatorCombine.framework; sourceTree = BUILT_PRODUCTS_DIR; };
		"XCoordinator::XCoordinatorRx::Product" /* XCoordinatorRx.framework */ = {isa = PBXFileReference; explicitFileType = wrapper.framework; path = XCoordinatorRx.framework; sourceTree = BUILT_PRODUCTS_DIR; };
		"XCoordinator::XCoordinatorTests::Product" /* XCoordinatorTests.xctest */ = {isa = PBXFileReference; explicitFileType = wrapper.cfbundle; path = XCoordinatorTests.xctest; sourceTree = BUILT_PRODUCTS_DIR; };
/* End PBXFileReference section */

/* Begin PBXFrameworksBuildPhase section */
		OBJ_452 /* Frameworks */ = {
			isa = PBXFrameworksBuildPhase;
			buildActionMask = 0;
			files = (
			);
			runOnlyForDeploymentPostprocessing = 0;
		};
		OBJ_459 /* Frameworks */ = {
			isa = PBXFrameworksBuildPhase;
			buildActionMask = 0;
			files = (
				OBJ_460 /* XCoordinator.framework in Frameworks */,
			);
			runOnlyForDeploymentPostprocessing = 0;
		};
		OBJ_480 /* Frameworks */ = {
			isa = PBXFrameworksBuildPhase;
			buildActionMask = 0;
			files = (
				F9B960022465490100CE881E /* RxSwift.framework in Frameworks */,
				OBJ_482 /* XCoordinator.framework in Frameworks */,
			);
			runOnlyForDeploymentPostprocessing = 0;
		};
		OBJ_495 /* Frameworks */ = {
			isa = PBXFrameworksBuildPhase;
			buildActionMask = 0;
			files = (
				OBJ_496 /* XCoordinatorRx.framework in Frameworks */,
				OBJ_498 /* XCoordinator.framework in Frameworks */,
			);
			runOnlyForDeploymentPostprocessing = 0;
		};
/* End PBXFrameworksBuildPhase section */

/* Begin PBXGroup section */
		F9B960002465490100CE881E /* Frameworks */ = {
			isa = PBXGroup;
			children = (
				F9B960012465490100CE881E /* RxSwift.framework */,
			);
			name = Frameworks;
			sourceTree = "<group>";
		};
		OBJ_227 /* Products */ = {
			isa = PBXGroup;
			children = (
				"XCoordinator::XCoordinator::Product" /* XCoordinator.framework */,
				"XCoordinator::XCoordinatorRx::Product" /* XCoordinatorRx.framework */,
				"XCoordinator::XCoordinatorCombine::Product" /* XCoordinatorCombine.framework */,
				"XCoordinator::XCoordinatorTests::Product" /* XCoordinatorTests.xctest */,
			);
			name = Products;
			sourceTree = BUILT_PRODUCTS_DIR;
		};
		OBJ_5 = {
			isa = PBXGroup;
			children = (
				OBJ_6 /* Package.swift */,
				OBJ_7 /* Sources */,
				OBJ_58 /* Tests */,
				OBJ_227 /* Products */,
				OBJ_233 /* Images */,
				OBJ_234 /* docs */,
				OBJ_235 /* scripts */,
				OBJ_236 /* XCoordinator.podspec */,
				OBJ_237 /* LICENSE */,
				OBJ_238 /* README.md */,
				F9B960002465490100CE881E /* Frameworks */,
			);
			sourceTree = "<group>";
		};
		OBJ_54 /* XCoordinatorCombine */ = {
			isa = PBXGroup;
			children = (
				OBJ_55 /* Router+Combine.swift */,
			);
			name = XCoordinatorCombine;
			path = Sources/XCoordinatorCombine;
			sourceTree = SOURCE_ROOT;
		};
		OBJ_56 /* XCoordinatorRx */ = {
			isa = PBXGroup;
			children = (
				OBJ_57 /* Router+Rx.swift */,
			);
			name = XCoordinatorRx;
			path = Sources/XCoordinatorRx;
			sourceTree = SOURCE_ROOT;
		};
		OBJ_58 /* Tests */ = {
			isa = PBXGroup;
			children = (
				OBJ_59 /* XCoordinatorTests */,
			);
			name = Tests;
			sourceTree = SOURCE_ROOT;
		};
		OBJ_59 /* XCoordinatorTests */ = {
			isa = PBXGroup;
			children = (
				OBJ_60 /* XCoordinatorTests.xctestplan */,
				OBJ_61 /* AnimationTests.swift */,
				OBJ_62 /* TestAnimation.swift */,
				OBJ_63 /* TestRoute.swift */,
				OBJ_64 /* TransitionTests.swift */,
				OBJ_65 /* XCTestManifests.swift */,
				OBJ_66 /* XCText+Extras.swift */,
			);
			name = XCoordinatorTests;
			path = Tests/XCoordinatorTests;
			sourceTree = SOURCE_ROOT;
		};
		OBJ_7 /* Sources */ = {
			isa = PBXGroup;
			children = (
				OBJ_8 /* XCoordinator */,
				OBJ_54 /* XCoordinatorCombine */,
				OBJ_56 /* XCoordinatorRx */,
			);
			name = Sources;
			sourceTree = SOURCE_ROOT;
		};
		OBJ_8 /* XCoordinator */ = {
			isa = PBXGroup;
			children = (
				OBJ_9 /* Animation.swift */,
				OBJ_10 /* AnyCoordinator.swift */,
				OBJ_11 /* AnyTransitionPerformer.swift */,
				OBJ_12 /* BaseCoordinator.swift */,
				OBJ_13 /* BasicCoordinator.swift */,
				OBJ_14 /* Container.swift */,
				OBJ_15 /* Coordinator.swift */,
				OBJ_16 /* CoordinatorPreviewingDelegateObject.swift */,
				OBJ_17 /* DeepLinking.swift */,
				OBJ_18 /* GestureRecognizerTarget.swift */,
				OBJ_19 /* InteractiveTransitionAnimation.swift */,
				OBJ_20 /* InterruptibleTransitionAnimation.swift */,
				OBJ_21 /* NavigationAnimationDelegate.swift */,
				OBJ_22 /* NavigationCoordinator.swift */,
				OBJ_23 /* NavigationTransition.swift */,
				OBJ_24 /* PageCoordinator.swift */,
				OBJ_25 /* PageCoordinatorDataSource.swift */,
				OBJ_26 /* PageTransition.swift */,
				OBJ_27 /* Presentable.swift */,
				OBJ_28 /* RedirectionRouter.swift */,
				OBJ_29 /* Route.swift */,
				OBJ_30 /* Router.swift */,
				OBJ_31 /* SplitCoordinator.swift */,
				OBJ_32 /* SplitTransition.swift */,
				OBJ_33 /* StaticTransitionAnimation.swift */,
				OBJ_34 /* StrongRouter.swift */,
				OBJ_35 /* TabBarAnimationDelegate.swift */,
				OBJ_36 /* TabBarCoordinator.swift */,
				OBJ_37 /* TabBarTransition.swift */,
				OBJ_38 /* Transition+Init.swift */,
				OBJ_39 /* Transition.swift */,
				OBJ_40 /* TransitionAnimation.swift */,
				OBJ_41 /* TransitionOptions.swift */,
				OBJ_42 /* TransitionPerformer.swift */,
				OBJ_43 /* TransitionProtocol.swift */,
				OBJ_44 /* UINavigationController+Transition.swift */,
				OBJ_45 /* UIPageViewController+Transition.swift */,
				OBJ_46 /* UITabBarController+Transition.swift */,
				OBJ_47 /* UIView+Store.swift */,
				OBJ_48 /* UIViewController+Transition.swift */,
				OBJ_49 /* UnownedErased+Router.swift */,
				OBJ_50 /* UnownedErased.swift */,
				OBJ_51 /* ViewCoordinator.swift */,
				OBJ_52 /* WeakErased+Router.swift */,
				OBJ_53 /* WeakErased.swift */,
			);
			name = XCoordinator;
			path = Sources/XCoordinator;
			sourceTree = SOURCE_ROOT;
		};
/* End PBXGroup section */

/* Begin PBXNativeTarget section */
		"XCoordinator::SwiftPMPackageDescription" /* XCoordinatorPackageDescription */ = {
			isa = PBXNativeTarget;
			buildConfigurationList = OBJ_463 /* Build configuration list for PBXNativeTarget "XCoordinatorPackageDescription" */;
			buildPhases = (
				OBJ_466 /* Sources */,
			);
			buildRules = (
			);
			dependencies = (
			);
			name = XCoordinatorPackageDescription;
			productName = XCoordinatorPackageDescription;
			productType = "com.apple.product-type.framework";
		};
		"XCoordinator::XCoordinator" /* XCoordinator */ = {
			isa = PBXNativeTarget;
			buildConfigurationList = OBJ_403 /* Build configuration list for PBXNativeTarget "XCoordinator" */;
			buildPhases = (
				9BC82EBE233D8CE400C604A8 /* ShellScript */,
				OBJ_406 /* Sources */,
				OBJ_452 /* Frameworks */,
			);
			buildRules = (
			);
			dependencies = (
			);
			name = XCoordinator;
			productName = XCoordinator;
			productReference = "XCoordinator::XCoordinator::Product" /* XCoordinator.framework */;
			productType = "com.apple.product-type.framework";
		};
		"XCoordinator::XCoordinatorCombine" /* XCoordinatorCombine */ = {
			isa = PBXNativeTarget;
			buildConfigurationList = OBJ_454 /* Build configuration list for PBXNativeTarget "XCoordinatorCombine" */;
			buildPhases = (
				OBJ_457 /* Sources */,
				OBJ_459 /* Frameworks */,
			);
			buildRules = (
			);
			dependencies = (
				OBJ_461 /* PBXTargetDependency */,
			);
			name = XCoordinatorCombine;
			productName = XCoordinatorCombine;
			productReference = "XCoordinator::XCoordinatorCombine::Product" /* XCoordinatorCombine.framework */;
			productType = "com.apple.product-type.framework";
		};
		"XCoordinator::XCoordinatorRx" /* XCoordinatorRx */ = {
			isa = PBXNativeTarget;
			buildConfigurationList = OBJ_475 /* Build configuration list for PBXNativeTarget "XCoordinatorRx" */;
			buildPhases = (
				OBJ_478 /* Sources */,
				OBJ_480 /* Frameworks */,
			);
			buildRules = (
			);
			dependencies = (
				OBJ_484 /* PBXTargetDependency */,
			);
			name = XCoordinatorRx;
			productName = XCoordinatorRx;
			productReference = "XCoordinator::XCoordinatorRx::Product" /* XCoordinatorRx.framework */;
			productType = "com.apple.product-type.framework";
		};
		"XCoordinator::XCoordinatorTests" /* XCoordinatorTests */ = {
			isa = PBXNativeTarget;
			buildConfigurationList = OBJ_485 /* Build configuration list for PBXNativeTarget "XCoordinatorTests" */;
			buildPhases = (
				OBJ_488 /* Sources */,
				OBJ_495 /* Frameworks */,
			);
			buildRules = (
			);
			dependencies = (
				OBJ_499 /* PBXTargetDependency */,
				OBJ_501 /* PBXTargetDependency */,
			);
			name = XCoordinatorTests;
			productName = XCoordinatorTests;
			productReference = "XCoordinator::XCoordinatorTests::Product" /* XCoordinatorTests.xctest */;
			productType = "com.apple.product-type.bundle.unit-test";
		};
/* End PBXNativeTarget section */

/* Begin PBXProject section */
		OBJ_1 /* Project object */ = {
			isa = PBXProject;
			attributes = {
				LastSwiftMigration = 9999;
				LastUpgradeCheck = 1130;
			};
			buildConfigurationList = OBJ_2 /* Build configuration list for PBXProject "XCoordinator" */;
			compatibilityVersion = "Xcode 3.2";
			developmentRegion = en;
			hasScannedForEncodings = 0;
			knownRegions = (
				en,
				Base,
			);
			mainGroup = OBJ_5;
			productRefGroup = OBJ_227 /* Products */;
			projectDirPath = "";
			projectRoot = "";
			targets = (
				"XCoordinator::XCoordinator" /* XCoordinator */,
				"XCoordinator::XCoordinatorCombine" /* XCoordinatorCombine */,
				"XCoordinator::SwiftPMPackageDescription" /* XCoordinatorPackageDescription */,
				"XCoordinator::XCoordinatorPackageTests::ProductTarget" /* XCoordinatorPackageTests */,
				"XCoordinator::XCoordinatorRx" /* XCoordinatorRx */,
				"XCoordinator::XCoordinatorTests" /* XCoordinatorTests */,
			);
		};
/* End PBXProject section */

/* Begin PBXShellScriptBuildPhase section */
		9BC82EBE233D8CE400C604A8 /* ShellScript */ = {
			isa = PBXShellScriptBuildPhase;
			buildActionMask = 2147483647;
			files = (
			);
			inputFileListPaths = (
			);
			inputPaths = (
			);
			outputFileListPaths = (
			);
			outputPaths = (
			);
			runOnlyForDeploymentPostprocessing = 0;
			shellPath = /bin/sh;
			shellScript = "# Type a script or drag a script file from your workspace to insert its path.\nswift package update\n";
		};
/* End PBXShellScriptBuildPhase section */

/* Begin PBXSourcesBuildPhase section */
		OBJ_406 /* Sources */ = {
			isa = PBXSourcesBuildPhase;
			buildActionMask = 0;
			files = (
				OBJ_407 /* Animation.swift in Sources */,
				OBJ_408 /* AnyCoordinator.swift in Sources */,
				OBJ_409 /* AnyTransitionPerformer.swift in Sources */,
				OBJ_410 /* BaseCoordinator.swift in Sources */,
				OBJ_411 /* BasicCoordinator.swift in Sources */,
				OBJ_412 /* Container.swift in Sources */,
				OBJ_413 /* Coordinator.swift in Sources */,
				OBJ_414 /* CoordinatorPreviewingDelegateObject.swift in Sources */,
				OBJ_415 /* DeepLinking.swift in Sources */,
				OBJ_416 /* GestureRecognizerTarget.swift in Sources */,
				OBJ_417 /* InteractiveTransitionAnimation.swift in Sources */,
				OBJ_418 /* InterruptibleTransitionAnimation.swift in Sources */,
				OBJ_419 /* NavigationAnimationDelegate.swift in Sources */,
				OBJ_420 /* NavigationCoordinator.swift in Sources */,
				OBJ_421 /* NavigationTransition.swift in Sources */,
				OBJ_422 /* PageCoordinator.swift in Sources */,
				OBJ_423 /* PageCoordinatorDataSource.swift in Sources */,
				OBJ_424 /* PageTransition.swift in Sources */,
				OBJ_425 /* Presentable.swift in Sources */,
				OBJ_426 /* RedirectionRouter.swift in Sources */,
				OBJ_427 /* Route.swift in Sources */,
				OBJ_428 /* Router.swift in Sources */,
				OBJ_429 /* SplitCoordinator.swift in Sources */,
				OBJ_430 /* SplitTransition.swift in Sources */,
				OBJ_431 /* StaticTransitionAnimation.swift in Sources */,
				OBJ_432 /* StrongRouter.swift in Sources */,
				OBJ_433 /* TabBarAnimationDelegate.swift in Sources */,
				OBJ_434 /* TabBarCoordinator.swift in Sources */,
				OBJ_435 /* TabBarTransition.swift in Sources */,
				OBJ_436 /* Transition+Init.swift in Sources */,
				OBJ_437 /* Transition.swift in Sources */,
				OBJ_438 /* TransitionAnimation.swift in Sources */,
				OBJ_439 /* TransitionOptions.swift in Sources */,
				OBJ_440 /* TransitionPerformer.swift in Sources */,
				OBJ_441 /* TransitionProtocol.swift in Sources */,
				OBJ_442 /* UINavigationController+Transition.swift in Sources */,
				OBJ_443 /* UIPageViewController+Transition.swift in Sources */,
				OBJ_444 /* UITabBarController+Transition.swift in Sources */,
				OBJ_445 /* UIView+Store.swift in Sources */,
				OBJ_446 /* UIViewController+Transition.swift in Sources */,
				OBJ_447 /* UnownedErased+Router.swift in Sources */,
				OBJ_448 /* UnownedErased.swift in Sources */,
				OBJ_449 /* ViewCoordinator.swift in Sources */,
				OBJ_450 /* WeakErased+Router.swift in Sources */,
				OBJ_451 /* WeakErased.swift in Sources */,
			);
			runOnlyForDeploymentPostprocessing = 0;
		};
		OBJ_457 /* Sources */ = {
			isa = PBXSourcesBuildPhase;
			buildActionMask = 0;
			files = (
				OBJ_458 /* Router+Combine.swift in Sources */,
			);
			runOnlyForDeploymentPostprocessing = 0;
		};
		OBJ_466 /* Sources */ = {
			isa = PBXSourcesBuildPhase;
			buildActionMask = 0;
			files = (
				OBJ_467 /* Package.swift in Sources */,
			);
			runOnlyForDeploymentPostprocessing = 0;
		};
		OBJ_478 /* Sources */ = {
			isa = PBXSourcesBuildPhase;
			buildActionMask = 0;
			files = (
				OBJ_479 /* Router+Rx.swift in Sources */,
			);
			runOnlyForDeploymentPostprocessing = 0;
		};
		OBJ_488 /* Sources */ = {
			isa = PBXSourcesBuildPhase;
			buildActionMask = 0;
			files = (
				OBJ_489 /* AnimationTests.swift in Sources */,
				OBJ_490 /* TestAnimation.swift in Sources */,
				OBJ_491 /* TestRoute.swift in Sources */,
				OBJ_492 /* TransitionTests.swift in Sources */,
				OBJ_493 /* XCTestManifests.swift in Sources */,
				OBJ_494 /* XCText+Extras.swift in Sources */,
			);
			runOnlyForDeploymentPostprocessing = 0;
		};
/* End PBXSourcesBuildPhase section */

/* Begin PBXTargetDependency section */
		OBJ_461 /* PBXTargetDependency */ = {
			isa = PBXTargetDependency;
			target = "XCoordinator::XCoordinator" /* XCoordinator */;
			targetProxy = 9BC82EB9233D8CD000C604A8 /* PBXContainerItemProxy */;
		};
		OBJ_472 /* PBXTargetDependency */ = {
			isa = PBXTargetDependency;
			target = "XCoordinator::XCoordinatorTests" /* XCoordinatorTests */;
			targetProxy = 9BC82EBD233D8CD100C604A8 /* PBXContainerItemProxy */;
		};
		OBJ_484 /* PBXTargetDependency */ = {
			isa = PBXTargetDependency;
			target = "XCoordinator::XCoordinator" /* XCoordinator */;
			targetProxy = 9BC82EB8233D8CD000C604A8 /* PBXContainerItemProxy */;
		};
		OBJ_499 /* PBXTargetDependency */ = {
			isa = PBXTargetDependency;
			target = "XCoordinator::XCoordinatorRx" /* XCoordinatorRx */;
			targetProxy = 9BC82EBA233D8CD100C604A8 /* PBXContainerItemProxy */;
		};
		OBJ_501 /* PBXTargetDependency */ = {
			isa = PBXTargetDependency;
			target = "XCoordinator::XCoordinator" /* XCoordinator */;
			targetProxy = 9BC82EBC233D8CD100C604A8 /* PBXContainerItemProxy */;
		};
/* End PBXTargetDependency section */

/* Begin XCBuildConfiguration section */
		OBJ_3 /* Debug */ = {
			isa = XCBuildConfiguration;
			buildSettings = {
				CLANG_ENABLE_OBJC_ARC = YES;
				CLANG_WARN_BLOCK_CAPTURE_AUTORELEASING = YES;
				CLANG_WARN_BOOL_CONVERSION = YES;
				CLANG_WARN_COMMA = YES;
				CLANG_WARN_CONSTANT_CONVERSION = YES;
				CLANG_WARN_DEPRECATED_OBJC_IMPLEMENTATIONS = YES;
				CLANG_WARN_EMPTY_BODY = YES;
				CLANG_WARN_ENUM_CONVERSION = YES;
				CLANG_WARN_INFINITE_RECURSION = YES;
				CLANG_WARN_INT_CONVERSION = YES;
				CLANG_WARN_NON_LITERAL_NULL_CONVERSION = YES;
				CLANG_WARN_OBJC_IMPLICIT_RETAIN_SELF = YES;
				CLANG_WARN_OBJC_LITERAL_CONVERSION = YES;
				CLANG_WARN_RANGE_LOOP_ANALYSIS = YES;
				CLANG_WARN_STRICT_PROTOTYPES = YES;
				CLANG_WARN_SUSPICIOUS_MOVE = YES;
				CLANG_WARN_UNREACHABLE_CODE = YES;
				CLANG_WARN__DUPLICATE_METHOD_MATCH = YES;
				COMBINE_HIDPI_IMAGES = YES;
				COPY_PHASE_STRIP = NO;
				CURRENT_PROJECT_VERSION = 1;
				DEBUG_INFORMATION_FORMAT = dwarf;
				DYLIB_INSTALL_NAME_BASE = "@rpath";
				ENABLE_NS_ASSERTIONS = YES;
				ENABLE_STRICT_OBJC_MSGSEND = YES;
				ENABLE_TESTABILITY = YES;
				GCC_NO_COMMON_BLOCKS = YES;
				GCC_OPTIMIZATION_LEVEL = 0;
				GCC_PREPROCESSOR_DEFINITIONS = (
					"$(inherited)",
					"SWIFT_PACKAGE=1",
					"DEBUG=1",
				);
				GCC_WARN_64_TO_32_BIT_CONVERSION = YES;
				GCC_WARN_ABOUT_RETURN_TYPE = YES;
				GCC_WARN_UNDECLARED_SELECTOR = YES;
				GCC_WARN_UNINITIALIZED_AUTOS = YES;
				GCC_WARN_UNUSED_FUNCTION = YES;
				GCC_WARN_UNUSED_VARIABLE = YES;
				MACOSX_DEPLOYMENT_TARGET = 10.10;
				ONLY_ACTIVE_ARCH = YES;
				OTHER_SWIFT_FLAGS = "$(inherited) -DXcode";
				PRODUCT_NAME = "$(TARGET_NAME)";
				SDKROOT = macosx;
				SUPPORTED_PLATFORMS = "macosx iphoneos iphonesimulator appletvos appletvsimulator watchos watchsimulator";
				SWIFT_ACTIVE_COMPILATION_CONDITIONS = "$(inherited) SWIFT_PACKAGE DEBUG";
				SWIFT_OPTIMIZATION_LEVEL = "-Onone";
				USE_HEADERMAP = NO;
			};
			name = Debug;
		};
		OBJ_4 /* Release */ = {
			isa = XCBuildConfiguration;
			buildSettings = {
				CLANG_ENABLE_OBJC_ARC = YES;
				CLANG_WARN_BLOCK_CAPTURE_AUTORELEASING = YES;
				CLANG_WARN_BOOL_CONVERSION = YES;
				CLANG_WARN_COMMA = YES;
				CLANG_WARN_CONSTANT_CONVERSION = YES;
				CLANG_WARN_DEPRECATED_OBJC_IMPLEMENTATIONS = YES;
				CLANG_WARN_EMPTY_BODY = YES;
				CLANG_WARN_ENUM_CONVERSION = YES;
				CLANG_WARN_INFINITE_RECURSION = YES;
				CLANG_WARN_INT_CONVERSION = YES;
				CLANG_WARN_NON_LITERAL_NULL_CONVERSION = YES;
				CLANG_WARN_OBJC_IMPLICIT_RETAIN_SELF = YES;
				CLANG_WARN_OBJC_LITERAL_CONVERSION = YES;
				CLANG_WARN_RANGE_LOOP_ANALYSIS = YES;
				CLANG_WARN_STRICT_PROTOTYPES = YES;
				CLANG_WARN_SUSPICIOUS_MOVE = YES;
				CLANG_WARN_UNREACHABLE_CODE = YES;
				CLANG_WARN__DUPLICATE_METHOD_MATCH = YES;
				COMBINE_HIDPI_IMAGES = YES;
				COPY_PHASE_STRIP = YES;
				CURRENT_PROJECT_VERSION = 1;
				DEBUG_INFORMATION_FORMAT = "dwarf-with-dsym";
				DYLIB_INSTALL_NAME_BASE = "@rpath";
				ENABLE_STRICT_OBJC_MSGSEND = YES;
				GCC_NO_COMMON_BLOCKS = YES;
				GCC_OPTIMIZATION_LEVEL = s;
				GCC_PREPROCESSOR_DEFINITIONS = (
					"$(inherited)",
					"SWIFT_PACKAGE=1",
				);
				GCC_WARN_64_TO_32_BIT_CONVERSION = YES;
				GCC_WARN_ABOUT_RETURN_TYPE = YES;
				GCC_WARN_UNDECLARED_SELECTOR = YES;
				GCC_WARN_UNINITIALIZED_AUTOS = YES;
				GCC_WARN_UNUSED_FUNCTION = YES;
				GCC_WARN_UNUSED_VARIABLE = YES;
				MACOSX_DEPLOYMENT_TARGET = 10.10;
				OTHER_SWIFT_FLAGS = "$(inherited) -DXcode";
				PRODUCT_NAME = "$(TARGET_NAME)";
				SDKROOT = macosx;
				SUPPORTED_PLATFORMS = "macosx iphoneos iphonesimulator appletvos appletvsimulator watchos watchsimulator";
				SWIFT_ACTIVE_COMPILATION_CONDITIONS = "$(inherited) SWIFT_PACKAGE";
				SWIFT_OPTIMIZATION_LEVEL = "-Owholemodule";
				USE_HEADERMAP = NO;
			};
			name = Release;
		};
		OBJ_404 /* Debug */ = {
			isa = XCBuildConfiguration;
			buildSettings = {
				ENABLE_TESTABILITY = YES;
				FRAMEWORK_SEARCH_PATHS = (
					"$(inherited)",
					"$(PLATFORM_DIR)/Developer/Library/Frameworks",
				);
				HEADER_SEARCH_PATHS = "$(inherited)";
				INFOPLIST_FILE = XCoordinator.xcodeproj/XCoordinator_Info.plist;
				IPHONEOS_DEPLOYMENT_TARGET = 8.0;
				LD_RUNPATH_SEARCH_PATHS = "$(inherited) $(TOOLCHAIN_DIR)/usr/lib/swift/macosx";
				MACOSX_DEPLOYMENT_TARGET = 10.10;
				OTHER_CFLAGS = "$(inherited)";
				OTHER_LDFLAGS = "$(inherited)";
				OTHER_SWIFT_FLAGS = "$(inherited)";
				PRODUCT_BUNDLE_IDENTIFIER = XCoordinator;
				PRODUCT_MODULE_NAME = "$(TARGET_NAME:c99extidentifier)";
				PRODUCT_NAME = "$(TARGET_NAME:c99extidentifier)";
				SKIP_INSTALL = YES;
				SWIFT_ACTIVE_COMPILATION_CONDITIONS = "$(inherited)";
				SWIFT_VERSION = 5.0;
				TARGET_NAME = XCoordinator;
				TVOS_DEPLOYMENT_TARGET = 9.0;
				WATCHOS_DEPLOYMENT_TARGET = 2.0;
			};
			name = Debug;
		};
		OBJ_405 /* Release */ = {
			isa = XCBuildConfiguration;
			buildSettings = {
				ENABLE_TESTABILITY = YES;
				FRAMEWORK_SEARCH_PATHS = (
					"$(inherited)",
					"$(PLATFORM_DIR)/Developer/Library/Frameworks",
				);
				HEADER_SEARCH_PATHS = "$(inherited)";
				INFOPLIST_FILE = XCoordinator.xcodeproj/XCoordinator_Info.plist;
				IPHONEOS_DEPLOYMENT_TARGET = 8.0;
				LD_RUNPATH_SEARCH_PATHS = "$(inherited) $(TOOLCHAIN_DIR)/usr/lib/swift/macosx";
				MACOSX_DEPLOYMENT_TARGET = 10.10;
				OTHER_CFLAGS = "$(inherited)";
				OTHER_LDFLAGS = "$(inherited)";
				OTHER_SWIFT_FLAGS = "$(inherited)";
				PRODUCT_BUNDLE_IDENTIFIER = XCoordinator;
				PRODUCT_MODULE_NAME = "$(TARGET_NAME:c99extidentifier)";
				PRODUCT_NAME = "$(TARGET_NAME:c99extidentifier)";
				SKIP_INSTALL = YES;
				SWIFT_ACTIVE_COMPILATION_CONDITIONS = "$(inherited)";
				SWIFT_VERSION = 5.0;
				TARGET_NAME = XCoordinator;
				TVOS_DEPLOYMENT_TARGET = 9.0;
				WATCHOS_DEPLOYMENT_TARGET = 2.0;
			};
			name = Release;
		};
		OBJ_455 /* Debug */ = {
			isa = XCBuildConfiguration;
			buildSettings = {
				ENABLE_TESTABILITY = YES;
				FRAMEWORK_SEARCH_PATHS = (
					"$(inherited)",
					"$(PLATFORM_DIR)/Developer/Library/Frameworks",
				);
				HEADER_SEARCH_PATHS = "$(inherited)";
				INFOPLIST_FILE = XCoordinator.xcodeproj/XCoordinatorCombine_Info.plist;
				IPHONEOS_DEPLOYMENT_TARGET = 8.0;
				LD_RUNPATH_SEARCH_PATHS = "$(inherited) $(TOOLCHAIN_DIR)/usr/lib/swift/macosx";
				MACOSX_DEPLOYMENT_TARGET = 10.10;
				OTHER_CFLAGS = "$(inherited)";
				OTHER_LDFLAGS = "$(inherited)";
				OTHER_SWIFT_FLAGS = "$(inherited)";
				PRODUCT_BUNDLE_IDENTIFIER = XCoordinatorCombine;
				PRODUCT_MODULE_NAME = "$(TARGET_NAME:c99extidentifier)";
				PRODUCT_NAME = "$(TARGET_NAME:c99extidentifier)";
				SKIP_INSTALL = YES;
				SWIFT_ACTIVE_COMPILATION_CONDITIONS = "$(inherited)";
				SWIFT_VERSION = 5.0;
				TARGET_NAME = XCoordinatorCombine;
				TVOS_DEPLOYMENT_TARGET = 9.0;
				WATCHOS_DEPLOYMENT_TARGET = 2.0;
			};
			name = Debug;
		};
		OBJ_456 /* Release */ = {
			isa = XCBuildConfiguration;
			buildSettings = {
				ENABLE_TESTABILITY = YES;
				FRAMEWORK_SEARCH_PATHS = (
					"$(inherited)",
					"$(PLATFORM_DIR)/Developer/Library/Frameworks",
				);
				HEADER_SEARCH_PATHS = "$(inherited)";
				INFOPLIST_FILE = XCoordinator.xcodeproj/XCoordinatorCombine_Info.plist;
				IPHONEOS_DEPLOYMENT_TARGET = 8.0;
				LD_RUNPATH_SEARCH_PATHS = "$(inherited) $(TOOLCHAIN_DIR)/usr/lib/swift/macosx";
				MACOSX_DEPLOYMENT_TARGET = 10.10;
				OTHER_CFLAGS = "$(inherited)";
				OTHER_LDFLAGS = "$(inherited)";
				OTHER_SWIFT_FLAGS = "$(inherited)";
				PRODUCT_BUNDLE_IDENTIFIER = XCoordinatorCombine;
				PRODUCT_MODULE_NAME = "$(TARGET_NAME:c99extidentifier)";
				PRODUCT_NAME = "$(TARGET_NAME:c99extidentifier)";
				SKIP_INSTALL = YES;
				SWIFT_ACTIVE_COMPILATION_CONDITIONS = "$(inherited)";
				SWIFT_VERSION = 5.0;
				TARGET_NAME = XCoordinatorCombine;
				TVOS_DEPLOYMENT_TARGET = 9.0;
				WATCHOS_DEPLOYMENT_TARGET = 2.0;
			};
			name = Release;
		};
		OBJ_464 /* Debug */ = {
			isa = XCBuildConfiguration;
			buildSettings = {
				LD = /usr/bin/true;
				OTHER_SWIFT_FLAGS = "-swift-version 5 -I $(TOOLCHAIN_DIR)/usr/lib/swift/pm/4_2 -target x86_64-apple-macosx10.10 -sdk /Applications/Xcode.app/Contents/Developer/Platforms/MacOSX.platform/Developer/SDKs/MacOSX10.15.sdk -package-description-version 5.1";
				SWIFT_VERSION = 5.0;
			};
			name = Debug;
		};
		OBJ_465 /* Release */ = {
			isa = XCBuildConfiguration;
			buildSettings = {
				LD = /usr/bin/true;
				OTHER_SWIFT_FLAGS = "-swift-version 5 -I $(TOOLCHAIN_DIR)/usr/lib/swift/pm/4_2 -target x86_64-apple-macosx10.10 -sdk /Applications/Xcode.app/Contents/Developer/Platforms/MacOSX.platform/Developer/SDKs/MacOSX10.15.sdk -package-description-version 5.1";
				SWIFT_VERSION = 5.0;
			};
			name = Release;
		};
		OBJ_470 /* Debug */ = {
			isa = XCBuildConfiguration;
			buildSettings = {
			};
			name = Debug;
		};
		OBJ_471 /* Release */ = {
			isa = XCBuildConfiguration;
			buildSettings = {
			};
			name = Release;
		};
		OBJ_476 /* Debug */ = {
			isa = XCBuildConfiguration;
			buildSettings = {
				ENABLE_TESTABILITY = YES;
				FRAMEWORK_SEARCH_PATHS = (
					"$(inherited)",
					"$(PLATFORM_DIR)/Developer/Library/Frameworks",
					"$(PROJECT_DIR)/Carthage/Build/iOS",
				);
				HEADER_SEARCH_PATHS = "$(inherited)";
				INFOPLIST_FILE = XCoordinator.xcodeproj/XCoordinatorRx_Info.plist;
				IPHONEOS_DEPLOYMENT_TARGET = 8.0;
				LD_RUNPATH_SEARCH_PATHS = "$(inherited) $(TOOLCHAIN_DIR)/usr/lib/swift/macosx";
				MACOSX_DEPLOYMENT_TARGET = 10.10;
				OTHER_CFLAGS = "$(inherited)";
				OTHER_LDFLAGS = "$(inherited)";
				OTHER_SWIFT_FLAGS = "$(inherited)";
				PRODUCT_BUNDLE_IDENTIFIER = XCoordinatorRx;
				PRODUCT_MODULE_NAME = "$(TARGET_NAME:c99extidentifier)";
				PRODUCT_NAME = "$(TARGET_NAME:c99extidentifier)";
				SKIP_INSTALL = YES;
				SWIFT_ACTIVE_COMPILATION_CONDITIONS = "$(inherited)";
				SWIFT_VERSION = 5.0;
				TARGET_NAME = XCoordinatorRx;
				TVOS_DEPLOYMENT_TARGET = 9.0;
				WATCHOS_DEPLOYMENT_TARGET = 2.0;
			};
			name = Debug;
		};
		OBJ_477 /* Release */ = {
			isa = XCBuildConfiguration;
			buildSettings = {
				ENABLE_TESTABILITY = YES;
				FRAMEWORK_SEARCH_PATHS = (
					"$(inherited)",
					"$(PLATFORM_DIR)/Developer/Library/Frameworks",
					"$(PROJECT_DIR)/Carthage/Build/iOS",
				);
				HEADER_SEARCH_PATHS = "$(inherited)";
				INFOPLIST_FILE = XCoordinator.xcodeproj/XCoordinatorRx_Info.plist;
				IPHONEOS_DEPLOYMENT_TARGET = 8.0;
				LD_RUNPATH_SEARCH_PATHS = "$(inherited) $(TOOLCHAIN_DIR)/usr/lib/swift/macosx";
				MACOSX_DEPLOYMENT_TARGET = 10.10;
				OTHER_CFLAGS = "$(inherited)";
				OTHER_LDFLAGS = "$(inherited)";
				OTHER_SWIFT_FLAGS = "$(inherited)";
				PRODUCT_BUNDLE_IDENTIFIER = XCoordinatorRx;
				PRODUCT_MODULE_NAME = "$(TARGET_NAME:c99extidentifier)";
				PRODUCT_NAME = "$(TARGET_NAME:c99extidentifier)";
				SKIP_INSTALL = YES;
				SWIFT_ACTIVE_COMPILATION_CONDITIONS = "$(inherited)";
				SWIFT_VERSION = 5.0;
				TARGET_NAME = XCoordinatorRx;
				TVOS_DEPLOYMENT_TARGET = 9.0;
				WATCHOS_DEPLOYMENT_TARGET = 2.0;
			};
			name = Release;
		};
		OBJ_486 /* Debug */ = {
			isa = XCBuildConfiguration;
			buildSettings = {
				ALWAYS_EMBED_SWIFT_STANDARD_LIBRARIES = YES;
				CLANG_ENABLE_MODULES = YES;
				FRAMEWORK_SEARCH_PATHS = (
					"$(inherited)",
					"$(PLATFORM_DIR)/Developer/Library/Frameworks",
				);
				HEADER_SEARCH_PATHS = "$(inherited)";
				INFOPLIST_FILE = XCoordinator.xcodeproj/XCoordinatorTests_Info.plist;
				IPHONEOS_DEPLOYMENT_TARGET = 8.0;
				LD_RUNPATH_SEARCH_PATHS = "$(inherited) @loader_path/../Frameworks @loader_path/Frameworks";
				MACOSX_DEPLOYMENT_TARGET = 10.10;
				OTHER_CFLAGS = "$(inherited)";
				OTHER_LDFLAGS = "$(inherited)";
				OTHER_SWIFT_FLAGS = "$(inherited)";
				SWIFT_ACTIVE_COMPILATION_CONDITIONS = "$(inherited)";
				SWIFT_VERSION = 5.0;
				TARGET_NAME = XCoordinatorTests;
				TVOS_DEPLOYMENT_TARGET = 9.0;
				WATCHOS_DEPLOYMENT_TARGET = 2.0;
			};
			name = Debug;
		};
		OBJ_487 /* Release */ = {
			isa = XCBuildConfiguration;
			buildSettings = {
				ALWAYS_EMBED_SWIFT_STANDARD_LIBRARIES = YES;
				CLANG_ENABLE_MODULES = YES;
				FRAMEWORK_SEARCH_PATHS = (
					"$(inherited)",
					"$(PLATFORM_DIR)/Developer/Library/Frameworks",
				);
				HEADER_SEARCH_PATHS = "$(inherited)";
				INFOPLIST_FILE = XCoordinator.xcodeproj/XCoordinatorTests_Info.plist;
				IPHONEOS_DEPLOYMENT_TARGET = 8.0;
				LD_RUNPATH_SEARCH_PATHS = "$(inherited) @loader_path/../Frameworks @loader_path/Frameworks";
				MACOSX_DEPLOYMENT_TARGET = 10.10;
				OTHER_CFLAGS = "$(inherited)";
				OTHER_LDFLAGS = "$(inherited)";
				OTHER_SWIFT_FLAGS = "$(inherited)";
				SWIFT_ACTIVE_COMPILATION_CONDITIONS = "$(inherited)";
				SWIFT_VERSION = 5.0;
				TARGET_NAME = XCoordinatorTests;
				TVOS_DEPLOYMENT_TARGET = 9.0;
				WATCHOS_DEPLOYMENT_TARGET = 2.0;
			};
			name = Release;
		};
/* End XCBuildConfiguration section */

/* Begin XCConfigurationList section */
		OBJ_2 /* Build configuration list for PBXProject "XCoordinator" */ = {
			isa = XCConfigurationList;
			buildConfigurations = (
				OBJ_3 /* Debug */,
				OBJ_4 /* Release */,
			);
			defaultConfigurationIsVisible = 0;
			defaultConfigurationName = Release;
		};
		OBJ_403 /* Build configuration list for PBXNativeTarget "XCoordinator" */ = {
			isa = XCConfigurationList;
			buildConfigurations = (
				OBJ_404 /* Debug */,
				OBJ_405 /* Release */,
			);
			defaultConfigurationIsVisible = 0;
			defaultConfigurationName = Release;
		};
		OBJ_454 /* Build configuration list for PBXNativeTarget "XCoordinatorCombine" */ = {
			isa = XCConfigurationList;
			buildConfigurations = (
				OBJ_455 /* Debug */,
				OBJ_456 /* Release */,
			);
			defaultConfigurationIsVisible = 0;
			defaultConfigurationName = Release;
		};
		OBJ_463 /* Build configuration list for PBXNativeTarget "XCoordinatorPackageDescription" */ = {
			isa = XCConfigurationList;
			buildConfigurations = (
				OBJ_464 /* Debug */,
				OBJ_465 /* Release */,
			);
			defaultConfigurationIsVisible = 0;
			defaultConfigurationName = Release;
		};
		OBJ_469 /* Build configuration list for PBXAggregateTarget "XCoordinatorPackageTests" */ = {
			isa = XCConfigurationList;
			buildConfigurations = (
				OBJ_470 /* Debug */,
				OBJ_471 /* Release */,
			);
			defaultConfigurationIsVisible = 0;
			defaultConfigurationName = Release;
		};
		OBJ_475 /* Build configuration list for PBXNativeTarget "XCoordinatorRx" */ = {
			isa = XCConfigurationList;
			buildConfigurations = (
				OBJ_476 /* Debug */,
				OBJ_477 /* Release */,
			);
			defaultConfigurationIsVisible = 0;
			defaultConfigurationName = Release;
		};
		OBJ_485 /* Build configuration list for PBXNativeTarget "XCoordinatorTests" */ = {
			isa = XCConfigurationList;
			buildConfigurations = (
				OBJ_486 /* Debug */,
				OBJ_487 /* Release */,
			);
			defaultConfigurationIsVisible = 0;
			defaultConfigurationName = Release;
		};
/* End XCConfigurationList section */
	};
	rootObject = OBJ_1 /* Project object */;
}
